// !$*UTF8*$!
{
	archiveVersion = 1;
	classes = {
	};
	objectVersion = 46;
	objects = {

/* Begin PBXBuildFile section */
		5644493559E8488A83B1AE4E /* libPods-Etsy.a in Frameworks */ = {isa = PBXBuildFile; fileRef = 698A3EC327EE4398967C2442 /* libPods-Etsy.a */; };
		703D33AA195324A5005CFFD8 /* TEMCollectionViewControllerSpec.m in Sources */ = {isa = PBXBuildFile; fileRef = 703D33A9195324A5005CFFD8 /* TEMCollectionViewControllerSpec.m */; };
		708994AA194F925600BAAC87 /* TEMCollectionViewController.m in Sources */ = {isa = PBXBuildFile; fileRef = 708994A8194F925600BAAC87 /* TEMCollectionViewController.m */; };
		708994AB194F925600BAAC87 /* TEMCollectionViewController.xib in Resources */ = {isa = PBXBuildFile; fileRef = 708994A9194F925600BAAC87 /* TEMCollectionViewController.xib */; };
		708994AD194F92B600BAAC87 /* TEMProductCell.xib in Resources */ = {isa = PBXBuildFile; fileRef = 708994AC194F92B600BAAC87 /* TEMProductCell.xib */; };
		709F7053194B4B68003DA35F /* Foundation.framework in Frameworks */ = {isa = PBXBuildFile; fileRef = 709F7052194B4B68003DA35F /* Foundation.framework */; };
		709F7055194B4B68003DA35F /* CoreGraphics.framework in Frameworks */ = {isa = PBXBuildFile; fileRef = 709F7054194B4B68003DA35F /* CoreGraphics.framework */; };
		709F7057194B4B68003DA35F /* UIKit.framework in Frameworks */ = {isa = PBXBuildFile; fileRef = 709F7056194B4B68003DA35F /* UIKit.framework */; };
		709F705D194B4B68003DA35F /* InfoPlist.strings in Resources */ = {isa = PBXBuildFile; fileRef = 709F705B194B4B68003DA35F /* InfoPlist.strings */; };
		709F705F194B4B68003DA35F /* main.m in Sources */ = {isa = PBXBuildFile; fileRef = 709F705E194B4B68003DA35F /* main.m */; };
		709F7063194B4B68003DA35F /* TEMAppDelegate.m in Sources */ = {isa = PBXBuildFile; fileRef = 709F7062194B4B68003DA35F /* TEMAppDelegate.m */; };
		709F7065194B4B68003DA35F /* Images.xcassets in Resources */ = {isa = PBXBuildFile; fileRef = 709F7064194B4B68003DA35F /* Images.xcassets */; };
		709F706C194B4B68003DA35F /* XCTest.framework in Frameworks */ = {isa = PBXBuildFile; fileRef = 709F706B194B4B68003DA35F /* XCTest.framework */; };
		709F706D194B4B68003DA35F /* Foundation.framework in Frameworks */ = {isa = PBXBuildFile; fileRef = 709F7052194B4B68003DA35F /* Foundation.framework */; };
		709F706E194B4B68003DA35F /* UIKit.framework in Frameworks */ = {isa = PBXBuildFile; fileRef = 709F7056194B4B68003DA35F /* UIKit.framework */; };
		709F7076194B4B68003DA35F /* InfoPlist.strings in Resources */ = {isa = PBXBuildFile; fileRef = 709F7074194B4B68003DA35F /* InfoPlist.strings */; };
		70A453DC194B4DF5008E03D4 /* TEMEtsyServiceSpec.m in Sources */ = {isa = PBXBuildFile; fileRef = 70A453DB194B4DF5008E03D4 /* TEMEtsyServiceSpec.m */; };
		70A453DF194B4E57008E03D4 /* TEMEtsyService.m in Sources */ = {isa = PBXBuildFile; fileRef = 70A453DE194B4E57008E03D4 /* TEMEtsyService.m */; };
		70A453E3194B8611008E03D4 /* TEMViewController.m in Sources */ = {isa = PBXBuildFile; fileRef = 70A453E1194B8611008E03D4 /* TEMViewController.m */; };
		70A453E4194B8611008E03D4 /* TEMViewController.xib in Resources */ = {isa = PBXBuildFile; fileRef = 70A453E2194B8611008E03D4 /* TEMViewController.xib */; };
		70D987FD1951E7D900480FEE /* TEMProductCell.m in Sources */ = {isa = PBXBuildFile; fileRef = 70D987FC1951E7D900480FEE /* TEMProductCell.m */; };
		70D987FF1952415200480FEE /* sampleEtsyProducts.json in Resources */ = {isa = PBXBuildFile; fileRef = 70D987FE1952415200480FEE /* sampleEtsyProducts.json */; };
		70DCDD6B194F387900544AB9 /* sampleEtsy.json in Resources */ = {isa = PBXBuildFile; fileRef = 70DCDD6A194F387900544AB9 /* sampleEtsy.json */; };
		70DCDD6D194F486600544AB9 /* TEMViewControllerSpec.m in Sources */ = {isa = PBXBuildFile; fileRef = 70DCDD6C194F486600544AB9 /* TEMViewControllerSpec.m */; };
		70DCDD6F194F487100544AB9 /* TEMAppDelegateSpec.m in Sources */ = {isa = PBXBuildFile; fileRef = 70DCDD6E194F487100544AB9 /* TEMAppDelegateSpec.m */; };
		8E83AF2F9F204B1ABBAB0A23 /* libPods-EtsyTests.a in Frameworks */ = {isa = PBXBuildFile; fileRef = 37D953A9B1F84B8C92237001 /* libPods-EtsyTests.a */; };
/* End PBXBuildFile section */

/* Begin PBXContainerItemProxy section */
		709F706F194B4B68003DA35F /* PBXContainerItemProxy */ = {
			isa = PBXContainerItemProxy;
			containerPortal = 709F7047194B4B68003DA35F /* Project object */;
			proxyType = 1;
			remoteGlobalIDString = 709F704E194B4B68003DA35F;
			remoteInfo = Etsy;
		};
/* End PBXContainerItemProxy section */

/* Begin PBXFileReference section */
		37D953A9B1F84B8C92237001 /* libPods-EtsyTests.a */ = {isa = PBXFileReference; explicitFileType = archive.ar; includeInIndex = 0; path = "libPods-EtsyTests.a"; sourceTree = BUILT_PRODUCTS_DIR; };
		698A3EC327EE4398967C2442 /* libPods-Etsy.a */ = {isa = PBXFileReference; explicitFileType = archive.ar; includeInIndex = 0; path = "libPods-Etsy.a"; sourceTree = BUILT_PRODUCTS_DIR; };
		6EB3B6537D004DD69128F697 /* Pods-EtsyTests.xcconfig */ = {isa = PBXFileReference; includeInIndex = 1; lastKnownFileType = text.xcconfig; name = "Pods-EtsyTests.xcconfig"; path = "Pods/Pods-EtsyTests.xcconfig"; sourceTree = "<group>"; };
		703D33A9195324A5005CFFD8 /* TEMCollectionViewControllerSpec.m */ = {isa = PBXFileReference; fileEncoding = 4; lastKnownFileType = sourcecode.c.objc; path = TEMCollectionViewControllerSpec.m; sourceTree = "<group>"; };
		708994A7194F925600BAAC87 /* TEMCollectionViewController.h */ = {isa = PBXFileReference; fileEncoding = 4; lastKnownFileType = sourcecode.c.h; path = TEMCollectionViewController.h; sourceTree = "<group>"; };
		708994A8194F925600BAAC87 /* TEMCollectionViewController.m */ = {isa = PBXFileReference; fileEncoding = 4; lastKnownFileType = sourcecode.c.objc; path = TEMCollectionViewController.m; sourceTree = "<group>"; };
		708994A9194F925600BAAC87 /* TEMCollectionViewController.xib */ = {isa = PBXFileReference; fileEncoding = 4; lastKnownFileType = file.xib; path = TEMCollectionViewController.xib; sourceTree = "<group>"; };
		708994AC194F92B600BAAC87 /* TEMProductCell.xib */ = {isa = PBXFileReference; fileEncoding = 4; lastKnownFileType = file.xib; path = TEMProductCell.xib; sourceTree = "<group>"; };
		709F704F194B4B68003DA35F /* Etsy.app */ = {isa = PBXFileReference; explicitFileType = wrapper.application; includeInIndex = 0; path = Etsy.app; sourceTree = BUILT_PRODUCTS_DIR; };
		709F7052194B4B68003DA35F /* Foundation.framework */ = {isa = PBXFileReference; lastKnownFileType = wrapper.framework; name = Foundation.framework; path = System/Library/Frameworks/Foundation.framework; sourceTree = SDKROOT; };
		709F7054194B4B68003DA35F /* CoreGraphics.framework */ = {isa = PBXFileReference; lastKnownFileType = wrapper.framework; name = CoreGraphics.framework; path = System/Library/Frameworks/CoreGraphics.framework; sourceTree = SDKROOT; };
		709F7056194B4B68003DA35F /* UIKit.framework */ = {isa = PBXFileReference; lastKnownFileType = wrapper.framework; name = UIKit.framework; path = System/Library/Frameworks/UIKit.framework; sourceTree = SDKROOT; };
		709F705A194B4B68003DA35F /* Etsy-Info.plist */ = {isa = PBXFileReference; lastKnownFileType = text.plist.xml; path = "Etsy-Info.plist"; sourceTree = "<group>"; };
		709F705C194B4B68003DA35F /* en */ = {isa = PBXFileReference; lastKnownFileType = text.plist.strings; name = en; path = en.lproj/InfoPlist.strings; sourceTree = "<group>"; };
		709F705E194B4B68003DA35F /* main.m */ = {isa = PBXFileReference; lastKnownFileType = sourcecode.c.objc; path = main.m; sourceTree = "<group>"; };
		709F7060194B4B68003DA35F /* Etsy-Prefix.pch */ = {isa = PBXFileReference; lastKnownFileType = sourcecode.c.h; path = "Etsy-Prefix.pch"; sourceTree = "<group>"; };
		709F7061194B4B68003DA35F /* TEMAppDelegate.h */ = {isa = PBXFileReference; lastKnownFileType = sourcecode.c.h; path = TEMAppDelegate.h; sourceTree = "<group>"; };
		709F7062194B4B68003DA35F /* TEMAppDelegate.m */ = {isa = PBXFileReference; lastKnownFileType = sourcecode.c.objc; path = TEMAppDelegate.m; sourceTree = "<group>"; };
		709F7064194B4B68003DA35F /* Images.xcassets */ = {isa = PBXFileReference; lastKnownFileType = folder.assetcatalog; path = Images.xcassets; sourceTree = "<group>"; };
		709F706A194B4B68003DA35F /* EtsyTests.xctest */ = {isa = PBXFileReference; explicitFileType = wrapper.cfbundle; includeInIndex = 0; path = EtsyTests.xctest; sourceTree = BUILT_PRODUCTS_DIR; };
		709F706B194B4B68003DA35F /* XCTest.framework */ = {isa = PBXFileReference; lastKnownFileType = wrapper.framework; name = XCTest.framework; path = Library/Frameworks/XCTest.framework; sourceTree = DEVELOPER_DIR; };
		709F7073194B4B68003DA35F /* EtsyTests-Info.plist */ = {isa = PBXFileReference; lastKnownFileType = text.plist.xml; path = "EtsyTests-Info.plist"; sourceTree = "<group>"; };
		709F7075194B4B68003DA35F /* en */ = {isa = PBXFileReference; lastKnownFileType = text.plist.strings; name = en; path = en.lproj/InfoPlist.strings; sourceTree = "<group>"; };
		70A453DB194B4DF5008E03D4 /* TEMEtsyServiceSpec.m */ = {isa = PBXFileReference; fileEncoding = 4; lastKnownFileType = sourcecode.c.objc; path = TEMEtsyServiceSpec.m; sourceTree = "<group>"; };
		70A453DD194B4E57008E03D4 /* TEMEtsyService.h */ = {isa = PBXFileReference; fileEncoding = 4; lastKnownFileType = sourcecode.c.h; path = TEMEtsyService.h; sourceTree = "<group>"; };
		70A453DE194B4E57008E03D4 /* TEMEtsyService.m */ = {isa = PBXFileReference; fileEncoding = 4; lastKnownFileType = sourcecode.c.objc; path = TEMEtsyService.m; sourceTree = "<group>"; };
		70A453E0194B8611008E03D4 /* TEMViewController.h */ = {isa = PBXFileReference; fileEncoding = 4; lastKnownFileType = sourcecode.c.h; path = TEMViewController.h; sourceTree = "<group>"; };
		70A453E1194B8611008E03D4 /* TEMViewController.m */ = {isa = PBXFileReference; fileEncoding = 4; lastKnownFileType = sourcecode.c.objc; path = TEMViewController.m; sourceTree = "<group>"; };
		70A453E2194B8611008E03D4 /* TEMViewController.xib */ = {isa = PBXFileReference; fileEncoding = 4; lastKnownFileType = file.xib; path = TEMViewController.xib; sourceTree = "<group>"; };
		70D987FB1951E7D900480FEE /* TEMProductCell.h */ = {isa = PBXFileReference; fileEncoding = 4; lastKnownFileType = sourcecode.c.h; path = TEMProductCell.h; sourceTree = "<group>"; };
		70D987FC1951E7D900480FEE /* TEMProductCell.m */ = {isa = PBXFileReference; fileEncoding = 4; lastKnownFileType = sourcecode.c.objc; path = TEMProductCell.m; sourceTree = "<group>"; };
		70D987FE1952415200480FEE /* sampleEtsyProducts.json */ = {isa = PBXFileReference; fileEncoding = 4; lastKnownFileType = text.json; path = sampleEtsyProducts.json; sourceTree = "<group>"; };
		70DCDD6A194F387900544AB9 /* sampleEtsy.json */ = {isa = PBXFileReference; fileEncoding = 4; lastKnownFileType = text.json; path = sampleEtsy.json; sourceTree = "<group>"; };
		70DCDD6C194F486600544AB9 /* TEMViewControllerSpec.m */ = {isa = PBXFileReference; fileEncoding = 4; lastKnownFileType = sourcecode.c.objc; path = TEMViewControllerSpec.m; sourceTree = "<group>"; };
		70DCDD6E194F487100544AB9 /* TEMAppDelegateSpec.m */ = {isa = PBXFileReference; fileEncoding = 4; lastKnownFileType = sourcecode.c.objc; path = TEMAppDelegateSpec.m; sourceTree = "<group>"; };
		7C3E7E35DBFD4170AB5974E4 /* Pods-Etsy.xcconfig */ = {isa = PBXFileReference; includeInIndex = 1; lastKnownFileType = text.xcconfig; name = "Pods-Etsy.xcconfig"; path = "Pods/Pods-Etsy.xcconfig"; sourceTree = "<group>"; };
/* End PBXFileReference section */

/* Begin PBXFrameworksBuildPhase section */
		709F704C194B4B68003DA35F /* Frameworks */ = {
			isa = PBXFrameworksBuildPhase;
			buildActionMask = 2147483647;
			files = (
				709F7055194B4B68003DA35F /* CoreGraphics.framework in Frameworks */,
				709F7057194B4B68003DA35F /* UIKit.framework in Frameworks */,
				709F7053194B4B68003DA35F /* Foundation.framework in Frameworks */,
				5644493559E8488A83B1AE4E /* libPods-Etsy.a in Frameworks */,
			);
			runOnlyForDeploymentPostprocessing = 0;
		};
		709F7067194B4B68003DA35F /* Frameworks */ = {
			isa = PBXFrameworksBuildPhase;
			buildActionMask = 2147483647;
			files = (
				709F706C194B4B68003DA35F /* XCTest.framework in Frameworks */,
				709F706E194B4B68003DA35F /* UIKit.framework in Frameworks */,
				709F706D194B4B68003DA35F /* Foundation.framework in Frameworks */,
				8E83AF2F9F204B1ABBAB0A23 /* libPods-EtsyTests.a in Frameworks */,
			);
			runOnlyForDeploymentPostprocessing = 0;
		};
/* End PBXFrameworksBuildPhase section */

/* Begin PBXGroup section */
		709F7046194B4B68003DA35F = {
			isa = PBXGroup;
			children = (
				709F7058194B4B68003DA35F /* Etsy */,
				709F7071194B4B68003DA35F /* EtsyTests */,
				709F7051194B4B68003DA35F /* Frameworks */,
				709F7050194B4B68003DA35F /* Products */,
				7C3E7E35DBFD4170AB5974E4 /* Pods-Etsy.xcconfig */,
				6EB3B6537D004DD69128F697 /* Pods-EtsyTests.xcconfig */,
			);
			sourceTree = "<group>";
		};
		709F7050194B4B68003DA35F /* Products */ = {
			isa = PBXGroup;
			children = (
				709F704F194B4B68003DA35F /* Etsy.app */,
				709F706A194B4B68003DA35F /* EtsyTests.xctest */,
			);
			name = Products;
			sourceTree = "<group>";
		};
		709F7051194B4B68003DA35F /* Frameworks */ = {
			isa = PBXGroup;
			children = (
				709F7052194B4B68003DA35F /* Foundation.framework */,
				709F7054194B4B68003DA35F /* CoreGraphics.framework */,
				709F7056194B4B68003DA35F /* UIKit.framework */,
				709F706B194B4B68003DA35F /* XCTest.framework */,
				698A3EC327EE4398967C2442 /* libPods-Etsy.a */,
				37D953A9B1F84B8C92237001 /* libPods-EtsyTests.a */,
			);
			name = Frameworks;
			sourceTree = "<group>";
		};
		709F7058194B4B68003DA35F /* Etsy */ = {
			isa = PBXGroup;
			children = (
				709F7061194B4B68003DA35F /* TEMAppDelegate.h */,
				709F7062194B4B68003DA35F /* TEMAppDelegate.m */,
				70A453DD194B4E57008E03D4 /* TEMEtsyService.h */,
				70A453DE194B4E57008E03D4 /* TEMEtsyService.m */,
				70A453E0194B8611008E03D4 /* TEMViewController.h */,
				70A453E1194B8611008E03D4 /* TEMViewController.m */,
				70A453E2194B8611008E03D4 /* TEMViewController.xib */,
				708994A7194F925600BAAC87 /* TEMCollectionViewController.h */,
				708994A8194F925600BAAC87 /* TEMCollectionViewController.m */,
				708994A9194F925600BAAC87 /* TEMCollectionViewController.xib */,
				70D987FB1951E7D900480FEE /* TEMProductCell.h */,
				70D987FC1951E7D900480FEE /* TEMProductCell.m */,
				708994AC194F92B600BAAC87 /* TEMProductCell.xib */,
				709F7064194B4B68003DA35F /* Images.xcassets */,
				709F7059194B4B68003DA35F /* Supporting Files */,
			);
			path = Etsy;
			sourceTree = "<group>";
		};
		709F7059194B4B68003DA35F /* Supporting Files */ = {
			isa = PBXGroup;
			children = (
				709F705A194B4B68003DA35F /* Etsy-Info.plist */,
				709F705B194B4B68003DA35F /* InfoPlist.strings */,
				709F705E194B4B68003DA35F /* main.m */,
				709F7060194B4B68003DA35F /* Etsy-Prefix.pch */,
			);
			name = "Supporting Files";
			sourceTree = "<group>";
		};
		709F7071194B4B68003DA35F /* EtsyTests */ = {
			isa = PBXGroup;
			children = (
				70A453DB194B4DF5008E03D4 /* TEMEtsyServiceSpec.m */,
				70DCDD6C194F486600544AB9 /* TEMViewControllerSpec.m */,
				70DCDD6E194F487100544AB9 /* TEMAppDelegateSpec.m */,
				703D33A9195324A5005CFFD8 /* TEMCollectionViewControllerSpec.m */,
				70DCDD6A194F387900544AB9 /* sampleEtsy.json */,
				70D987FE1952415200480FEE /* sampleEtsyProducts.json */,
				709F7072194B4B68003DA35F /* Supporting Files */,
			);
			path = EtsyTests;
			sourceTree = "<group>";
		};
		709F7072194B4B68003DA35F /* Supporting Files */ = {
			isa = PBXGroup;
			children = (
				709F7073194B4B68003DA35F /* EtsyTests-Info.plist */,
				709F7074194B4B68003DA35F /* InfoPlist.strings */,
			);
			name = "Supporting Files";
			sourceTree = "<group>";
		};
/* End PBXGroup section */

/* Begin PBXNativeTarget section */
		709F704E194B4B68003DA35F /* Etsy */ = {
			isa = PBXNativeTarget;
			buildConfigurationList = 709F707B194B4B68003DA35F /* Build configuration list for PBXNativeTarget "Etsy" */;
			buildPhases = (
				B644AB4086584F7FBF110920 /* Check Pods Manifest.lock */,
				709F704B194B4B68003DA35F /* Sources */,
				709F704C194B4B68003DA35F /* Frameworks */,
				709F704D194B4B68003DA35F /* Resources */,
				404DB93210384A74BE8163BD /* Copy Pods Resources */,
			);
			buildRules = (
			);
			dependencies = (
			);
			name = Etsy;
			productName = Etsy;
			productReference = 709F704F194B4B68003DA35F /* Etsy.app */;
			productType = "com.apple.product-type.application";
		};
		709F7069194B4B68003DA35F /* EtsyTests */ = {
			isa = PBXNativeTarget;
			buildConfigurationList = 709F707E194B4B68003DA35F /* Build configuration list for PBXNativeTarget "EtsyTests" */;
			buildPhases = (
				680EE4CC4816494A944F608E /* Check Pods Manifest.lock */,
				709F7066194B4B68003DA35F /* Sources */,
				709F7067194B4B68003DA35F /* Frameworks */,
				709F7068194B4B68003DA35F /* Resources */,
				BF47F15C7D4546B394E92FD9 /* Copy Pods Resources */,
			);
			buildRules = (
			);
			dependencies = (
				709F7070194B4B68003DA35F /* PBXTargetDependency */,
			);
			name = EtsyTests;
			productName = EtsyTests;
			productReference = 709F706A194B4B68003DA35F /* EtsyTests.xctest */;
			productType = "com.apple.product-type.bundle.unit-test";
		};
/* End PBXNativeTarget section */

/* Begin PBXProject section */
		709F7047194B4B68003DA35F /* Project object */ = {
			isa = PBXProject;
			attributes = {
				CLASSPREFIX = TEM;
				LastUpgradeCheck = 0510;
				ORGANIZATIONNAME = "Detroit Labs";
				TargetAttributes = {
					709F7069194B4B68003DA35F = {
						TestTargetID = 709F704E194B4B68003DA35F;
					};
				};
			};
			buildConfigurationList = 709F704A194B4B68003DA35F /* Build configuration list for PBXProject "Etsy" */;
			compatibilityVersion = "Xcode 3.2";
			developmentRegion = English;
			hasScannedForEncodings = 0;
			knownRegions = (
				en,
			);
			mainGroup = 709F7046194B4B68003DA35F;
			productRefGroup = 709F7050194B4B68003DA35F /* Products */;
			projectDirPath = "";
			projectRoot = "";
			targets = (
				709F704E194B4B68003DA35F /* Etsy */,
				709F7069194B4B68003DA35F /* EtsyTests */,
			);
		};
/* End PBXProject section */

/* Begin PBXResourcesBuildPhase section */
		709F704D194B4B68003DA35F /* Resources */ = {
			isa = PBXResourcesBuildPhase;
			buildActionMask = 2147483647;
			files = (
				709F705D194B4B68003DA35F /* InfoPlist.strings in Resources */,
				708994AB194F925600BAAC87 /* TEMCollectionViewController.xib in Resources */,
				70A453E4194B8611008E03D4 /* TEMViewController.xib in Resources */,
				708994AD194F92B600BAAC87 /* TEMProductCell.xib in Resources */,
				709F7065194B4B68003DA35F /* Images.xcassets in Resources */,
			);
			runOnlyForDeploymentPostprocessing = 0;
		};
		709F7068194B4B68003DA35F /* Resources */ = {
			isa = PBXResourcesBuildPhase;
			buildActionMask = 2147483647;
			files = (
				70DCDD6B194F387900544AB9 /* sampleEtsy.json in Resources */,
				70D987FF1952415200480FEE /* sampleEtsyProducts.json in Resources */,
				709F7076194B4B68003DA35F /* InfoPlist.strings in Resources */,
			);
			runOnlyForDeploymentPostprocessing = 0;
		};
/* End PBXResourcesBuildPhase section */

/* Begin PBXShellScriptBuildPhase section */
		404DB93210384A74BE8163BD /* Copy Pods Resources */ = {
			isa = PBXShellScriptBuildPhase;
			buildActionMask = 2147483647;
			files = (
			);
			inputPaths = (
			);
			name = "Copy Pods Resources";
			outputPaths = (
			);
			runOnlyForDeploymentPostprocessing = 0;
			shellPath = /bin/sh;
			shellScript = "\"${SRCROOT}/Pods/Pods-Etsy-resources.sh\"\n";
			showEnvVarsInLog = 0;
		};
		680EE4CC4816494A944F608E /* Check Pods Manifest.lock */ = {
			isa = PBXShellScriptBuildPhase;
			buildActionMask = 2147483647;
			files = (
			);
			inputPaths = (
			);
			name = "Check Pods Manifest.lock";
			outputPaths = (
			);
			runOnlyForDeploymentPostprocessing = 0;
			shellPath = /bin/sh;
			shellScript = "diff \"${PODS_ROOT}/../Podfile.lock\" \"${PODS_ROOT}/Manifest.lock\" > /dev/null\nif [[ $? != 0 ]] ; then\n    cat << EOM\nerror: The sandbox is not in sync with the Podfile.lock. Run 'pod install' or update your CocoaPods installation.\nEOM\n    exit 1\nfi\n";
			showEnvVarsInLog = 0;
		};
		B644AB4086584F7FBF110920 /* Check Pods Manifest.lock */ = {
			isa = PBXShellScriptBuildPhase;
			buildActionMask = 2147483647;
			files = (
			);
			inputPaths = (
			);
			name = "Check Pods Manifest.lock";
			outputPaths = (
			);
			runOnlyForDeploymentPostprocessing = 0;
			shellPath = /bin/sh;
			shellScript = "diff \"${PODS_ROOT}/../Podfile.lock\" \"${PODS_ROOT}/Manifest.lock\" > /dev/null\nif [[ $? != 0 ]] ; then\n    cat << EOM\nerror: The sandbox is not in sync with the Podfile.lock. Run 'pod install' or update your CocoaPods installation.\nEOM\n    exit 1\nfi\n";
			showEnvVarsInLog = 0;
		};
		BF47F15C7D4546B394E92FD9 /* Copy Pods Resources */ = {
			isa = PBXShellScriptBuildPhase;
			buildActionMask = 2147483647;
			files = (
			);
			inputPaths = (
			);
			name = "Copy Pods Resources";
			outputPaths = (
			);
			runOnlyForDeploymentPostprocessing = 0;
			shellPath = /bin/sh;
			shellScript = "\"${SRCROOT}/Pods/Pods-EtsyTests-resources.sh\"\n";
			showEnvVarsInLog = 0;
		};
/* End PBXShellScriptBuildPhase section */

/* Begin PBXSourcesBuildPhase section */
		709F704B194B4B68003DA35F /* Sources */ = {
			isa = PBXSourcesBuildPhase;
			buildActionMask = 2147483647;
			files = (
				709F705F194B4B68003DA35F /* main.m in Sources */,
				709F7063194B4B68003DA35F /* TEMAppDelegate.m in Sources */,
				70D987FD1951E7D900480FEE /* TEMProductCell.m in Sources */,
				70A453DF194B4E57008E03D4 /* TEMEtsyService.m in Sources */,
				708994AA194F925600BAAC87 /* TEMCollectionViewController.m in Sources */,
				70A453E3194B8611008E03D4 /* TEMViewController.m in Sources */,
			);
			runOnlyForDeploymentPostprocessing = 0;
		};
		709F7066194B4B68003DA35F /* Sources */ = {
			isa = PBXSourcesBuildPhase;
			buildActionMask = 2147483647;
			files = (
				703D33AA195324A5005CFFD8 /* TEMCollectionViewControllerSpec.m in Sources */,
				70DCDD6F194F487100544AB9 /* TEMAppDelegateSpec.m in Sources */,
				70DCDD6D194F486600544AB9 /* TEMViewControllerSpec.m in Sources */,
				70A453DC194B4DF5008E03D4 /* TEMEtsyServiceSpec.m in Sources */,
			);
			runOnlyForDeploymentPostprocessing = 0;
		};
/* End PBXSourcesBuildPhase section */

/* Begin PBXTargetDependency section */
		709F7070194B4B68003DA35F /* PBXTargetDependency */ = {
			isa = PBXTargetDependency;
			target = 709F704E194B4B68003DA35F /* Etsy */;
			targetProxy = 709F706F194B4B68003DA35F /* PBXContainerItemProxy */;
		};
/* End PBXTargetDependency section */

/* Begin PBXVariantGroup section */
		709F705B194B4B68003DA35F /* InfoPlist.strings */ = {
			isa = PBXVariantGroup;
			children = (
				709F705C194B4B68003DA35F /* en */,
			);
			name = InfoPlist.strings;
			sourceTree = "<group>";
		};
		709F7074194B4B68003DA35F /* InfoPlist.strings */ = {
			isa = PBXVariantGroup;
			children = (
				709F7075194B4B68003DA35F /* en */,
			);
			name = InfoPlist.strings;
			sourceTree = "<group>";
		};
/* End PBXVariantGroup section */

/* Begin XCBuildConfiguration section */
		709F7079194B4B68003DA35F /* Debug */ = {
			isa = XCBuildConfiguration;
			buildSettings = {
				ALWAYS_SEARCH_USER_PATHS = NO;
				CLANG_CXX_LANGUAGE_STANDARD = "gnu++0x";
				CLANG_CXX_LIBRARY = "libc++";
				CLANG_ENABLE_MODULES = YES;
				CLANG_ENABLE_OBJC_ARC = YES;
				CLANG_WARN_BOOL_CONVERSION = YES;
				CLANG_WARN_CONSTANT_CONVERSION = YES;
				CLANG_WARN_DIRECT_OBJC_ISA_USAGE = YES_ERROR;
				CLANG_WARN_EMPTY_BODY = YES;
				CLANG_WARN_ENUM_CONVERSION = YES;
				CLANG_WARN_INT_CONVERSION = YES;
				CLANG_WARN_OBJC_ROOT_CLASS = YES_ERROR;
				CLANG_WARN__DUPLICATE_METHOD_MATCH = YES;
				"CODE_SIGN_IDENTITY[sdk=iphoneos*]" = "iPhone Developer";
				COPY_PHASE_STRIP = NO;
				GCC_C_LANGUAGE_STANDARD = gnu99;
				GCC_DYNAMIC_NO_PIC = NO;
				GCC_OPTIMIZATION_LEVEL = 0;
				GCC_PREPROCESSOR_DEFINITIONS = (
					"DEBUG=1",
					"$(inherited)",
				);
				GCC_SYMBOLS_PRIVATE_EXTERN = NO;
				GCC_WARN_64_TO_32_BIT_CONVERSION = YES;
				GCC_WARN_ABOUT_RETURN_TYPE = YES_ERROR;
				GCC_WARN_UNDECLARED_SELECTOR = YES;
				GCC_WARN_UNINITIALIZED_AUTOS = YES_AGGRESSIVE;
				GCC_WARN_UNUSED_FUNCTION = YES;
				GCC_WARN_UNUSED_VARIABLE = YES;
				IPHONEOS_DEPLOYMENT_TARGET = 7.1;
				ONLY_ACTIVE_ARCH = YES;
				SDKROOT = iphoneos;
				TARGETED_DEVICE_FAMILY = "1,2";
			};
			name = Debug;
		};
		709F707A194B4B68003DA35F /* Release */ = {
			isa = XCBuildConfiguration;
			buildSettings = {
				ALWAYS_SEARCH_USER_PATHS = NO;
				CLANG_CXX_LANGUAGE_STANDARD = "gnu++0x";
				CLANG_CXX_LIBRARY = "libc++";
				CLANG_ENABLE_MODULES = YES;
				CLANG_ENABLE_OBJC_ARC = YES;
				CLANG_WARN_BOOL_CONVERSION = YES;
				CLANG_WARN_CONSTANT_CONVERSION = YES;
				CLANG_WARN_DIRECT_OBJC_ISA_USAGE = YES_ERROR;
				CLANG_WARN_EMPTY_BODY = YES;
				CLANG_WARN_ENUM_CONVERSION = YES;
				CLANG_WARN_INT_CONVERSION = YES;
				CLANG_WARN_OBJC_ROOT_CLASS = YES_ERROR;
				CLANG_WARN__DUPLICATE_METHOD_MATCH = YES;
				"CODE_SIGN_IDENTITY[sdk=iphoneos*]" = "iPhone Developer";
				COPY_PHASE_STRIP = YES;
				ENABLE_NS_ASSERTIONS = NO;
				GCC_C_LANGUAGE_STANDARD = gnu99;
				GCC_WARN_64_TO_32_BIT_CONVERSION = YES;
				GCC_WARN_ABOUT_RETURN_TYPE = YES_ERROR;
				GCC_WARN_UNDECLARED_SELECTOR = YES;
				GCC_WARN_UNINITIALIZED_AUTOS = YES_AGGRESSIVE;
				GCC_WARN_UNUSED_FUNCTION = YES;
				GCC_WARN_UNUSED_VARIABLE = YES;
				IPHONEOS_DEPLOYMENT_TARGET = 7.1;
				SDKROOT = iphoneos;
				TARGETED_DEVICE_FAMILY = "1,2";
				VALIDATE_PRODUCT = YES;
			};
			name = Release;
		};
		709F707C194B4B68003DA35F /* Debug */ = {
			isa = XCBuildConfiguration;
			baseConfigurationReference = 7C3E7E35DBFD4170AB5974E4 /* Pods-Etsy.xcconfig */;
			buildSettings = {
				ASSETCATALOG_COMPILER_APPICON_NAME = AppIcon;
				ASSETCATALOG_COMPILER_LAUNCHIMAGE_NAME = LaunchImage;
				GCC_PRECOMPILE_PREFIX_HEADER = YES;
				GCC_PREFIX_HEADER = "Etsy/Etsy-Prefix.pch";
				INFOPLIST_FILE = "Etsy/Etsy-Info.plist";
				PRODUCT_NAME = "$(TARGET_NAME)";
				WRAPPER_EXTENSION = app;
			};
			name = Debug;
		};
		709F707D194B4B68003DA35F /* Release */ = {
			isa = XCBuildConfiguration;
			baseConfigurationReference = 7C3E7E35DBFD4170AB5974E4 /* Pods-Etsy.xcconfig */;
			buildSettings = {
				ASSETCATALOG_COMPILER_APPICON_NAME = AppIcon;
				ASSETCATALOG_COMPILER_LAUNCHIMAGE_NAME = LaunchImage;
				GCC_PRECOMPILE_PREFIX_HEADER = YES;
				GCC_PREFIX_HEADER = "Etsy/Etsy-Prefix.pch";
				INFOPLIST_FILE = "Etsy/Etsy-Info.plist";
				PRODUCT_NAME = "$(TARGET_NAME)";
				WRAPPER_EXTENSION = app;
			};
			name = Release;
		};
		709F707F194B4B68003DA35F /* Debug */ = {
			isa = XCBuildConfiguration;
			baseConfigurationReference = 6EB3B6537D004DD69128F697 /* Pods-EtsyTests.xcconfig */;
			buildSettings = {
				BUNDLE_LOADER = "$(BUILT_PRODUCTS_DIR)/Etsy.app/Etsy";
				FRAMEWORK_SEARCH_PATHS = (
					"$(SDKROOT)/Developer/Library/Frameworks",
					"$(inherited)",
					"$(DEVELOPER_FRAMEWORKS_DIR)",
				);
				GCC_PRECOMPILE_PREFIX_HEADER = YES;
				GCC_PREFIX_HEADER = "Etsy/Etsy-Prefix.pch";
				GCC_PREPROCESSOR_DEFINITIONS = (
					"DEBUG=1",
					"$(inherited)",
				);
				INFOPLIST_FILE = "EtsyTests/EtsyTests-Info.plist";
				PRODUCT_NAME = "$(TARGET_NAME)";
				TEST_HOST = "$(BUNDLE_LOADER)";
				WRAPPER_EXTENSION = xctest;
			};
			name = Debug;
		};
		709F7080194B4B68003DA35F /* Release */ = {
			isa = XCBuildConfiguration;
			baseConfigurationReference = 6EB3B6537D004DD69128F697 /* Pods-EtsyTests.xcconfig */;
			buildSettings = {
				BUNDLE_LOADER = "$(BUILT_PRODUCTS_DIR)/Etsy.app/Etsy";
				FRAMEWORK_SEARCH_PATHS = (
					"$(SDKROOT)/Developer/Library/Frameworks",
					"$(inherited)",
					"$(DEVELOPER_FRAMEWORKS_DIR)",
				);
				GCC_PRECOMPILE_PREFIX_HEADER = YES;
				GCC_PREFIX_HEADER = "Etsy/Etsy-Prefix.pch";
				INFOPLIST_FILE = "EtsyTests/EtsyTests-Info.plist";
				PRODUCT_NAME = "$(TARGET_NAME)";
				TEST_HOST = "$(BUNDLE_LOADER)";
				WRAPPER_EXTENSION = xctest;
			};
			name = Release;
		};
/* End XCBuildConfiguration section */

/* Begin XCConfigurationList section */
		709F704A194B4B68003DA35F /* Build configuration list for PBXProject "Etsy" */ = {
			isa = XCConfigurationList;
			buildConfigurations = (
				709F7079194B4B68003DA35F /* Debug */,
				709F707A194B4B68003DA35F /* Release */,
			);
			defaultConfigurationIsVisible = 0;
			defaultConfigurationName = Release;
		};
		709F707B194B4B68003DA35F /* Build configuration list for PBXNativeTarget "Etsy" */ = {
			isa = XCConfigurationList;
			buildConfigurations = (
				709F707C194B4B68003DA35F /* Debug */,
				709F707D194B4B68003DA35F /* Release */,
			);
			defaultConfigurationIsVisible = 0;
			defaultConfigurationName = Release;
		};
		709F707E194B4B68003DA35F /* Build configuration list for PBXNativeTarget "EtsyTests" */ = {
			isa = XCConfigurationList;
			buildConfigurations = (
				709F707F194B4B68003DA35F /* Debug */,
				709F7080194B4B68003DA35F /* Release */,
			);
			defaultConfigurationIsVisible = 0;
			defaultConfigurationName = Release;
		};
/* End XCConfigurationList section */
	};
	rootObject = 709F7047194B4B68003DA35F /* Project object */;
}
